
Microsoft Visual Studio Solution File, Format Version 12.00
# Visual Studio 2013
VisualStudioVersion = 12.0.21005.1
MinimumVisualStudioVersion = 10.0.40219.1
Project("{FAE04EC0-301F-11D3-BF4B-00C04F79EFBC}") = "ContentsManager", "ContentsManager\ContentsManager.csproj", "{7FC89BC7-7661-453F-A21A-C3D828259020}"
	ProjectSection(ProjectDependencies) = postProject
		{2592D762-B075-40C0-B666-64A553D9A59E} = {2592D762-B075-40C0-B666-64A553D9A59E}
		{854F7B73-38F9-48EA-891F-61C41C5CCF1B} = {854F7B73-38F9-48EA-891F-61C41C5CCF1B}
	EndProjectSection
EndProject
Project("{2150E333-8FDC-42A3-9474-1A3956D46DE8}") = "BL", "BL", "{4FD190EB-2117-4684-B229-06D8A4FB057D}"
EndProject
Project("{FAE04EC0-301F-11D3-BF4B-00C04F79EFBC}") = "Reservasi.CM.Common", "Reservasi.CM.Common\Reservasi.CM.Common.csproj", "{854F7B73-38F9-48EA-891F-61C41C5CCF1B}"
EndProject
Project("{2150E333-8FDC-42A3-9474-1A3956D46DE8}") = "DL", "DL", "{09CE392B-8323-45AE-8F91-BB9A9C50EB83}"
EndProject
Project("{FAE04EC0-301F-11D3-BF4B-00C04F79EFBC}") = "Reservasi.DAC.Cache", "Reservasi.DAC.Cache\Reservasi.DAC.Cache.csproj", "{2592D762-B075-40C0-B666-64A553D9A59E}"
EndProject
Project("{2150E333-8FDC-42A3-9474-1A3956D46DE8}") = ".nuget", ".nuget", "{802FC03F-2D96-438E-B17C-257F802E5CC2}"
	ProjectSection(SolutionItems) = preProject
		.nuget\NuGet.Config = .nuget\NuGet.Config
		.nuget\NuGet.exe = .nuget\NuGet.exe
		.nuget\NuGet.targets = .nuget\NuGet.targets
	EndProjectSection
EndProject
Project("{2150E333-8FDC-42A3-9474-1A3956D46DE8}") = "CM", "CM", "{E6B56763-2E9B-42E1-99AE-2ECCCC69E477}"
EndProject
Global
	GlobalSection(SolutionConfigurationPlatforms) = preSolution
		Debug|Any CPU = Debug|Any CPU
		Release|Any CPU = Release|Any CPU
	EndGlobalSection
	GlobalSection(ProjectConfigurationPlatforms) = postSolution
		{7FC89BC7-7661-453F-A21A-C3D828259020}.Debug|Any CPU.ActiveCfg = Debug|Any CPU
		{7FC89BC7-7661-453F-A21A-C3D828259020}.Debug|Any CPU.Build.0 = Debug|Any CPU
		{7FC89BC7-7661-453F-A21A-C3D828259020}.Release|Any CPU.ActiveCfg = Release|Any CPU
		{7FC89BC7-7661-453F-A21A-C3D828259020}.Release|Any CPU.Build.0 = Release|Any CPU
		{854F7B73-38F9-48EA-891F-61C41C5CCF1B}.Debug|Any CPU.ActiveCfg = Debug|Any CPU
		{854F7B73-38F9-48EA-891F-61C41C5CCF1B}.Debug|Any CPU.Build.0 = Debug|Any CPU
		{854F7B73-38F9-48EA-891F-61C41C5CCF1B}.Release|Any CPU.ActiveCfg = Release|Any CPU
		{854F7B73-38F9-48EA-891F-61C41C5CCF1B}.Release|Any CPU.Build.0 = Release|Any CPU
		{2592D762-B075-40C0-B666-64A553D9A59E}.Debug|Any CPU.ActiveCfg = Debug|Any CPU
		{2592D762-B075-40C0-B666-64A553D9A59E}.Debug|Any CPU.Build.0 = Debug|Any CPU
		{2592D762-B075-40C0-B666-64A553D9A59E}.Release|Any CPU.ActiveCfg = Release|Any CPU
		{2592D762-B075-40C0-B666-64A553D9A59E}.Release|Any CPU.Build.0 = Release|Any CPU
	EndGlobalSection
	GlobalSection(SolutionProperties) = preSolution
		HideSolutionNode = FALSE
	EndGlobalSection
	GlobalSection(NestedProjects) = preSolution
		{E6B56763-2E9B-42E1-99AE-2ECCCC69E477} = {4FD190EB-2117-4684-B229-06D8A4FB057D}
		{2592D762-B075-40C0-B666-64A553D9A59E} = {09CE392B-8323-45AE-8F91-BB9A9C50EB83}
		{854F7B73-38F9-48EA-891F-61C41C5CCF1B} = {E6B56763-2E9B-42E1-99AE-2ECCCC69E477}
	EndGlobalSection
EndGlobal
